
Microsoft Visual Studio Solution File, Format Version 12.00
# Visual Studio Version 16
VisualStudioVersion = 16.0.31402.337
MinimumVisualStudioVersion = 10.0.40219.1
Project("{FAE04EC0-301F-11D3-BF4B-00C04F79EFBC}") = "myApp", "myApp\myApp.csproj", "{6A782ABA-C9CE-40A8-B92B-0C1E1B7A7392}"
EndProject
Global
	GlobalSection(SolutionConfigurationPlatforms) = preSolution
		Debug|Any CPU = Debug|Any CPU
		Release|Any CPU = Release|Any CPU
	EndGlobalSection
	GlobalSection(ProjectConfigurationPlatforms) = postSolution
		{6A782ABA-C9CE-40A8-B92B-0C1E1B7A7392}.Debug|Any CPU.ActiveCfg = Debug|Any CPU
		{6A782ABA-C9CE-40A8-B92B-0C1E1B7A7392}.Debug|Any CPU.Build.0 = Debug|Any CPU
		{6A782ABA-C9CE-40A8-B92B-0C1E1B7A7392}.Release|Any CPU.ActiveCfg = Release|Any CPU
		{6A782ABA-C9CE-40A8-B92B-0C1E1B7A7392}.Release|Any CPU.Build.0 = Release|Any CPU
	EndGlobalSection
	GlobalSection(SolutionProperties) = preSolution
		HideSolutionNode = FALSE
	EndGlobalSection
	GlobalSection(ExtensibilityGlobals) = postSolution
		SolutionGuid = {9A96BA7D-09D6-4ED6-979E-802F777A3A96}
	EndGlobalSection
EndGlobal
